{
  "name": "aurumfulminans",
  "version": "1.0.0",
  "lockfileVersion": 3,
  "requires": true,
  "packages": {
    "": {
      "name": "aurumfulminans",
      "version": "1.0.0",
      "license": "ISC",
      "dependencies": {
        "@netlify/functions": "^3.0.4"
      }
    },
    "node_modules/@netlify/functions": {
      "version": "3.0.4",
      "resolved": "https://registry.npmjs.org/@netlify/functions/-/functions-3.0.4.tgz",
      "integrity": "sha512-Ox8+ABI+nsLK+c4/oC5dpquXuEIjzfTlJrdQKgQijCsDQoje7inXFAtKDLvvaGvuvE+PVpMLwQcIUL6P9Ob1hQ==",
      "license": "MIT",
      "dependencies": {
        "@netlify/serverless-functions-api": "1.36.0"
      },
      "engines": {
        "node": ">=18.0.0"
      }
    },
    "node_modules/@netlify/serverless-functions-api": {
      "version": "1.36.0",
      "resolved": "https://registry.npmjs.org/@netlify/serverless-functions-api/-/serverless-functions-api-1.36.0.tgz",
      "integrity": "sha512-z6okREyK8in0486a22Oro0k+YsuyEjDXJt46FpgeOgXqKJ9ElM8QPll0iuLBkpbH33ENiNbIPLd1cuClRQnhiw==",
      "license": "MIT",
      "engines": {
        "node": ">=18.0.0"
      }
    }
  }
}
